{
  "originHash" : "d77223ea3cadaebd2154378ec5005b6ebefcef3b34a4dafa368b0c4f16c0561c",
  "pins" : [
    {
      "identity" : "grdb.swift",
      "kind" : "remoteSourceControl",
      "location" : "https://github.com/groue/GRDB.swift",
      "state" : {
        "branch" : "master",
        "revision" : "c7205b172f38439e7ee62c208d1d76fa353c0a81"
      }
    }
  ],
  "version" : 3
}
